
Microsoft Visual Studio Solution File, Format Version 12.00
# Visual Studio 15
VisualStudioVersion = 15.0.27703.2047
MinimumVisualStudioVersion = 10.0.40219.1
Project("{FAE04EC0-301F-11D3-BF4B-00C04F79EFBC}") = "jQueryAjaxInASP.NETMVC", "jQueryAjaxInASP.NETMVC\jQueryAjaxInASP.NETMVC.csproj", "{FE4DFE56-816C-47C0-9A17-B6F1756A4649}"
EndProject
Global
	GlobalSection(SolutionConfigurationPlatforms) = preSolution
		Debug|Any CPU = Debug|Any CPU
		Release|Any CPU = Release|Any CPU
	EndGlobalSection
	GlobalSection(ProjectConfigurationPlatforms) = postSolution
		{FE4DFE56-816C-47C0-9A17-B6F1756A4649}.Debug|Any CPU.ActiveCfg = Debug|Any CPU
		{FE4DFE56-816C-47C0-9A17-B6F1756A4649}.Debug|Any CPU.Build.0 = Debug|Any CPU
		{FE4DFE56-816C-47C0-9A17-B6F1756A4649}.Release|Any CPU.ActiveCfg = Release|Any CPU
		{FE4DFE56-816C-47C0-9A17-B6F1756A4649}.Release|Any CPU.Build.0 = Release|Any CPU
	EndGlobalSection
	GlobalSection(SolutionProperties) = preSolution
		HideSolutionNode = FALSE
	EndGlobalSection
	GlobalSection(ExtensibilityGlobals) = postSolution
		SolutionGuid = {FAFDADE5-4712-43E5-8A03-59A3F7CA1E08}
	EndGlobalSection
EndGlobal
